Microsoft Visual Studio Solution File, Format Version 12.00
# Visual Studio Version 17
VisualStudioVersion = 17.5.33424.131
MinimumVisualStudioVersion = 10.0.40219.1
Project("{8BC9CEB8-8B4A-11D0-8D11-00A0C91BC942}") = "FolderViewImpl", "FolderViewImpl_Sample_folderview/FolderViewImpl.vcxproj", "{50A4AEC2-9A0D-4F1C-8F38-EE7542BBE81A}"
EndProject
Project("{8BC9CEB8-8B4A-11D0-8D11-00A0C91BC942}") = "DirectUIx64", "DirectUIx64\DirectUIx64.vcxproj", "{C9A2A01E-32BF-4B58-8E7C-CFF867B6FBAE}"
EndProject
Global
	GlobalSection(SolutionConfigurationPlatforms) = preSolution
		Debug|Win32 = Debug|Win32
		Debug|x64 = Debug|x64
		Release|Win32 = Release|Win32
		Release|x64 = Release|x64
	EndGlobalSection
	GlobalSection(ProjectConfigurationPlatforms) = postSolution
		{50A4AEC2-9A0D-4F1C-8F38-EE7542BBE81A}.Debug|Win32.ActiveCfg = Debug|Win32
		{50A4AEC2-9A0D-4F1C-8F38-EE7542BBE81A}.Debug|Win32.Build.0 = Debug|Win32
		{50A4AEC2-9A0D-4F1C-8F38-EE7542BBE81A}.Debug|x64.ActiveCfg = Debug|x64
		{50A4AEC2-9A0D-4F1C-8F38-EE7542BBE81A}.Debug|x64.Build.0 = Debug|x64
		{50A4AEC2-9A0D-4F1C-8F38-EE7542BBE81A}.Release|Win32.ActiveCfg = Release|Win32
		{50A4AEC2-9A0D-4F1C-8F38-EE7542BBE81A}.Release|Win32.Build.0 = Release|Win32
		{50A4AEC2-9A0D-4F1C-8F38-EE7542BBE81A}.Release|x64.ActiveCfg = Release|x64
		{50A4AEC2-9A0D-4F1C-8F38-EE7542BBE81A}.Release|x64.Build.0 = Release|x64
		{C9A2A01E-32BF-4B58-8E7C-CFF867B6FBAE}.Debug|Win32.ActiveCfg = Debug|Win32
		{C9A2A01E-32BF-4B58-8E7C-CFF867B6FBAE}.Debug|Win32.Build.0 = Debug|Win32
		{C9A2A01E-32BF-4B58-8E7C-CFF867B6FBAE}.Debug|x64.ActiveCfg = Debug|x64
		{C9A2A01E-32BF-4B58-8E7C-CFF867B6FBAE}.Debug|x64.Build.0 = Debug|x64
		{C9A2A01E-32BF-4B58-8E7C-CFF867B6FBAE}.Release|Win32.ActiveCfg = Release|Win32
		{C9A2A01E-32BF-4B58-8E7C-CFF867B6FBAE}.Release|Win32.Build.0 = Release|Win32
		{C9A2A01E-32BF-4B58-8E7C-CFF867B6FBAE}.Release|x64.ActiveCfg = Release|x64
		{C9A2A01E-32BF-4B58-8E7C-CFF867B6FBAE}.Release|x64.Build.0 = Release|x64
	EndGlobalSection
	GlobalSection(SolutionProperties) = preSolution
		HideSolutionNode = FALSE
	EndGlobalSection
	GlobalSection(ExtensibilityGlobals) = postSolution
		SolutionGuid = {9CECB07F-219F-45B8-B4B1-25002CD4C240}
	EndGlobalSection
EndGlobal
