<?xml version="1.0" encoding="utf-8"?>
<Project ToolsVersion="4.0" xmlns="http://schemas.microsoft.com/developer/msbuild/2003">
  <ItemGroup>
    <ClCompile Include="Category.cpp" />
    <ClCompile Include="ClassFactory.cpp" />
    <ClCompile Include="ElementProvider.cpp" />
    <ClCompile Include="Register.cpp" />
    <ClCompile Include="ShellFolder.cpp" />
    <ClCompile Include="Utils.cpp" />
    <ClCompile Include="CElementWithSite.cpp">
      <Filter>DirectUIRegister</Filter>
    </ClCompile>
    <ClCompile Include="CElementWithIUnknown.cpp">
      <Filter>DirectUIRegister</Filter>
    </ClCompile>
    <ClCompile Include="CRectifyMainCPLPage.cpp">
      <Filter>Elements</Filter>
    </ClCompile>
  </ItemGroup>
  <ItemGroup>
    <ClInclude Include="Category.h" />
    <ClInclude Include="ClassFactory.h" />
    <ClInclude Include="ElementProvider.h" />
    <ClInclude Include="Guid.h" />
    <ClInclude Include="undoc.h" />
    <ClInclude Include="resource.h" />
    <ClInclude Include="ShellFolder.h" />
    <ClInclude Include="Utils.h" />
    <ClInclude Include="CElementWithSite.h">
      <Filter>DirectUIRegister</Filter>
    </ClInclude>
    <ClInclude Include="CElementWithIUnknown.h">
      <Filter>DirectUIRegister</Filter>
    </ClInclude>
    <ClInclude Include="pch.h" />
    <ClInclude Include="CRectifyMainCPLPage.h">
      <Filter>Elements</Filter>
    </ClInclude>
  </ItemGroup>
  <ItemGroup>
    <ResourceCompile Include="FolderViewImpl.rc" />
  </ItemGroup>
  <ItemGroup>
    <Xml Include="tasks.xml" />
  </ItemGroup>
  <ItemGroup>
    <Image Include="icon1.ico" />
  </ItemGroup>
  <ItemGroup>
    <None Include="FolderViewImpl.def" />
    <None Include="uifile.xml" />
  </ItemGroup>
  <ItemGroup>
    <Filter Include="DirectUIRegister">
      <UniqueIdentifier>{3ab49b30-1de5-42f7-be6d-8ccd22f2c209}</UniqueIdentifier>
    </Filter>
    <Filter Include="Elements">
      <UniqueIdentifier>{08d315e0-4b77-460f-a865-249eb0fa8b1f}</UniqueIdentifier>
    </Filter>
  </ItemGroup>
</Project>