<?xml version="1.0" encoding="utf-8"?>
<Project ToolsVersion="4.0" xmlns="http://schemas.microsoft.com/developer/msbuild/2003">
  <ItemGroup>
    <ClCompile Include="ClassFactory.cpp" />
    <ClCompile Include="ElementProvider.cpp" />
    <ClCompile Include="Register.cpp" />
    <ClCompile Include="CControlPanelNavLink.cpp">
      <Filter>Navpane</Filter>
    </ClCompile>
    <ClCompile Include="CControlPanelNavLinks.cpp">
      <Filter>Navpane</Filter>
    </ClCompile>
    <ClCompile Include="theme.cpp" />
    <ClCompile Include="CRectifyUtil.cpp" />
    <ClCompile Include="ElevationManager.cpp" />
    <ClCompile Include="proxy.c" />
    <ClCompile Include="IRectifyUtil_p.c" />
    <ClCompile Include="RectifyMainPage.cpp" />
    <ClCompile Include="RectifyThemeCfgPage.cpp" />
  </ItemGroup>
  <ItemGroup>
    <ClInclude Include="ClassFactory.h" />
    <ClInclude Include="ElementProvider.h" />
    <ClInclude Include="Rectify11CPL.h" />
    <ClInclude Include="Guid.h" />
    <ClInclude Include="undoc.h" />
    <ClInclude Include="resource.h" />
    <ClInclude Include="CControlPanelNavLink.h">
      <Filter>Navpane</Filter>
    </ClInclude>
    <ClInclude Include="CControlPanelNavLinkCommand.h">
      <Filter>Navpane</Filter>
    </ClInclude>
    <ClInclude Include="CControlPanelNavLinks.h">
      <Filter>Navpane</Filter>
    </ClInclude>
    <ClInclude Include="theme.h" />
    <ClInclude Include="CRectifyUtil.h" />
    <ClInclude Include="ElevationManager.h" />
    <ClInclude Include="Templetes.h" />
    <ClInclude Include="RectifyMainPage.h" />
    <ClInclude Include="RectifyThemeCfgPage.h" />
  </ItemGroup>
  <ItemGroup>
    <ResourceCompile Include="Rectify11CPL.rc" />
  </ItemGroup>
  <ItemGroup>
    <Xml Include="pages.xml" />
    <Xml Include="RectifyThemeCfgPage.xml" />
    <Xml Include="taskslist.xml" />
  </ItemGroup>
  <ItemGroup>
    <Image Include="icon1.ico" />
    <Image Include="preview_light.bmp" />
    <Image Include="preview_dark.bmp" />
  </ItemGroup>
  <ItemGroup>
    <None Include="Rectify11CPL.def" />
    <None Include="RectifyMainPage.xml" />
  </ItemGroup>
  <ItemGroup>
    <Filter Include="Navpane">
      <UniqueIdentifier>{8b73cde0-0b02-48cb-8cf1-398e18cf959a}</UniqueIdentifier>
    </Filter>
  </ItemGroup>
  <ItemGroup>
    <Midl Include="IRectifyUtil.idl" />
  </ItemGroup>
</Project>