<?xml version="1.0" encoding="utf-8"?>
<Project ToolsVersion="4.0" xmlns="http://schemas.microsoft.com/developer/msbuild/2003">
  <ItemGroup>
    <ClCompile Include="ClassFactory.cpp" />
    <ClCompile Include="ElementProvider.cpp" />
    <ClCompile Include="dllmain.cpp" />
    <ClCompile Include="CControlPanelNavLink.cpp">
      <Filter>Navpane</Filter>
    </ClCompile>
    <ClCompile Include="CControlPanelNavLinks.cpp">
      <Filter>Navpane</Filter>
    </ClCompile>
    <ClCompile Include="theme.cpp" />
    <ClCompile Include="CRectifyUtil.cpp" />
    <ClCompile Include="ElevationManager.cpp" />
    <ClCompile Include="proxy.c" />
    <ClCompile Include="IRectifyUtil_p.c" />
    <ClCompile Include="RectifyMainPage.cpp">
      <Filter>Pages</Filter>
    </ClCompile>
  </ItemGroup>
  <ItemGroup>
    <ClInclude Include="ClassFactory.h" />
    <ClInclude Include="ElementProvider.h" />
    <ClInclude Include="Rectify11CPL.h" />
    <ClInclude Include="Guid.h" />
    <ClInclude Include="undoc.h" />
    <ClInclude Include="resource.h" />
    <ClInclude Include="CControlPanelNavLink.h">
      <Filter>Navpane</Filter>
    </ClInclude>
    <ClInclude Include="CControlPanelNavLinkCommand.h">
      <Filter>Navpane</Filter>
    </ClInclude>
    <ClInclude Include="CControlPanelNavLinks.h">
      <Filter>Navpane</Filter>
    </ClInclude>
    <ClInclude Include="theme.h" />
    <ClInclude Include="CRectifyUtil.h" />
    <ClInclude Include="ElevationManager.h" />
    <ClInclude Include="RectifyMainPage.h">
      <Filter>Pages</Filter>
    </ClInclude>
    <ClInclude Include="dllmain.h" />
  </ItemGroup>
  <ItemGroup>
    <ResourceCompile Include="Rectify11CPL.rc" />
  </ItemGroup>
  <ItemGroup>
    <Xml Include="pages.xml" />
    <Xml Include="taskslist.xml" />
  </ItemGroup>
  <ItemGroup>
    <Image Include="preview_light.bmp">
      <Filter>Resources</Filter>
    </Image>
    <Image Include="preview_dark.bmp">
      <Filter>Resources</Filter>
    </Image>
    <Image Include="icon.ico">
      <Filter>Resources</Filter>
    </Image>
  </ItemGroup>
  <ItemGroup>
    <None Include="Rectify11CPL.def" />
    <None Include="RectifyMainPage.xml">
      <Filter>Pages</Filter>
    </None>
  </ItemGroup>
  <ItemGroup>
    <Filter Include="Navpane">
      <UniqueIdentifier>{8b73cde0-0b02-48cb-8cf1-398e18cf959a}</UniqueIdentifier>
    </Filter>
    <Filter Include="Pages">
      <UniqueIdentifier>{d80f80cc-b6fb-44dd-a072-8e5b17ed81be}</UniqueIdentifier>
    </Filter>
    <Filter Include="Resources">
      <UniqueIdentifier>{efa0e6bc-fb45-4e7c-968b-72eb63c837a3}</UniqueIdentifier>
    </Filter>
  </ItemGroup>
  <ItemGroup>
    <Midl Include="IRectifyUtil.idl" />
  </ItemGroup>
</Project>